<?xml version="1.0" encoding="utf-8"?>
<Project ToolsVersion="4.0" xmlns="http://schemas.microsoft.com/developer/msbuild/2003">
  <ItemGroup>
    <ClCompile Include="pch.cpp" />
    <ClCompile Include="entry.cpp">
      <Filter>System</Filter>
    </ClCompile>
    <ClCompile Include="Physics\BoundingBox.cpp" />
    <ClCompile Include="Physics\BoundingPolygon.cpp" />
    <ClCompile Include="Physics\BoundingSphere.cpp" />
    <ClCompile Include="Physics\Collider.cpp" />
    <ClCompile Include="Physics\Collision.cpp" />
    <ClCompile Include="Physics\CollisionManifold.cpp" />
    <ClCompile Include="Physics\CollisionSolver.cpp" />
    <ClCompile Include="Physics\GJKCollisionSolver.cpp" />
    <ClCompile Include="Physics\OrientedBoundingBox.cpp" />
    <ClCompile Include="Physics\PhysicsWorld.cpp" />
    <ClCompile Include="Physics\SpatialDivisionMethod.cpp" />
    <ClCompile Include="Rendering\Camera.cpp" />
    <ClCompile Include="Rendering\Colour.cpp" />
    <ClCompile Include="Rendering\IRenderer.cpp" />
    <ClCompile Include="Rendering\IWindow.cpp" />
    <ClCompile Include="Rendering\Line.cpp" />
    <ClCompile Include="Rendering\OpenGLRenderer.cpp" />
    <ClCompile Include="Rendering\OriginalRenderer.cpp" />
    <ClCompile Include="Rendering\OriginalWindow.cpp" />
    <ClCompile Include="Rendering\Rectangle.cpp" />
    <ClCompile Include="Rendering\RenderLayer.cpp" />
    <ClCompile Include="Rendering\Text.cpp" />
    <ClCompile Include="Rendering\Texture.cpp" />
    <ClCompile Include="Rendering\Vertex.cpp" />
    <ClCompile Include="System\Console.cpp" />
    <ClCompile Include="System\Editor.cpp" />
    <ClCompile Include="System\Engine.cpp" />
    <ClCompile Include="System\FontLoader.cpp" />
    <ClCompile Include="System\InputManager.cpp" />
    <ClCompile Include="System\Observer.cpp" />
    <ClCompile Include="System\ObserverSubject.cpp" />
    <ClCompile Include="System\ProjectLoader.cpp" />
    <ClCompile Include="System\ScriptLoader.cpp" />
    <ClCompile Include="System\TextureCache.cpp" />
    <ClCompile Include="System\Time.cpp" />
    <ClCompile Include="System\Utility.cpp" />
    <ClCompile Include="System\WindowDetails.cpp" />
    <ClCompile Include="Rendering\Animation.cpp" />
    <ClCompile Include="Entity\Components\Component.cpp" />
    <ClCompile Include="Entity\Components\Component_Animation.cpp" />
    <ClCompile Include="Entity\Components\Component_Rigidbody.cpp" />
    <ClCompile Include="Entity\Components\Component_Script.cpp" />
    <ClCompile Include="Entity\Components\Component_Sprite.cpp" />
    <ClCompile Include="Entity\Components\Component_TextElement.cpp" />
    <ClCompile Include="Entity\Components\Component_Transform.cpp" />
    <ClCompile Include="Entity\Entity.cpp" />
    <ClCompile Include="Entity\World.cpp" />
    <ClCompile Include="DataTypes\ScriptObject.cpp" />
    <ClCompile Include="DataTypes\Transform.cpp" />
    <ClCompile Include="DataTypes\Vector2.cpp" />
    <ClCompile Include="External\imgui\imgui.cpp" />
    <ClCompile Include="External\imgui\imgui_demo.cpp" />
    <ClCompile Include="External\imgui\imgui_draw.cpp" />
    <ClCompile Include="External\imgui\imgui_impl_opengl3.cpp" />
    <ClCompile Include="External\imgui\imgui_impl_sdl.cpp" />
    <ClCompile Include="External\imgui\imgui_impl_sdlrenderer.cpp" />
    <ClCompile Include="External\imgui\imgui_stdlib.cpp" />
    <ClCompile Include="External\imgui\imgui_tables.cpp" />
    <ClCompile Include="External\imgui\imgui_widgets.cpp" />
  </ItemGroup>
  <ItemGroup>
    <ClInclude Include="pch.h" />
    <ClInclude Include="External\IMGUI.h" />
    <ClInclude Include="External\JSON.h" />
    <ClInclude Include="System\WindowDetails.h" />
    <ClInclude Include="Physics\BoundingBox.h" />
    <ClInclude Include="Physics\BoundingPolygon.h" />
    <ClInclude Include="Physics\BoundingSphere.h" />
    <ClInclude Include="Physics\Collider.h" />
    <ClInclude Include="Physics\Collision.h" />
    <ClInclude Include="Physics\CollisionManifold.h" />
    <ClInclude Include="Physics\CollisionSolver.h" />
    <ClInclude Include="Physics\GJKCollisionSolver.h" />
    <ClInclude Include="Physics\OrientedBoundingBox.h" />
    <ClInclude Include="Physics\PhysicsProperties.h" />
    <ClInclude Include="Physics\PhysicsWorld.h" />
    <ClInclude Include="Physics\SpatialDivisionMethod.h" />
    <ClInclude Include="Rendering\Animation.h" />
    <ClInclude Include="Rendering\Camera.h" />
    <ClInclude Include="Rendering\Colour.h" />
    <ClInclude Include="Rendering\IRenderer.h" />
    <ClInclude Include="Rendering\IWindow.h" />
    <ClInclude Include="Rendering\Line.h" />
    <ClInclude Include="Rendering\OpenGLRenderer.h" />
    <ClInclude Include="Rendering\OriginalRenderer.h" />
    <ClInclude Include="Rendering\OriginalWindow.h" />
    <ClInclude Include="Rendering\Rectangle.h" />
    <ClInclude Include="Rendering\RenderLayer.h" />
    <ClInclude Include="Rendering\Text.h" />
    <ClInclude Include="Rendering\Texture.h" />
    <ClInclude Include="Rendering\Vertex.h" />
    <ClInclude Include="BUILD_NUMBER.h" />
    <ClInclude Include="System\Console.h" />
    <ClInclude Include="System\Editor.h" />
    <ClInclude Include="System\Engine.h" />
    <ClInclude Include="System\FontLoader.h" />
    <ClInclude Include="System\InputManager.h" />
    <ClInclude Include="System\Observer.h" />
    <ClInclude Include="System\ObserverSubject.h" />
    <ClInclude Include="System\ProjectLoader.h" />
    <ClInclude Include="System\ScriptLoader.h" />
    <ClInclude Include="System\TextureCache.h" />
    <ClInclude Include="System\Time.h" />
    <ClInclude Include="System\Utility.h" />
    <ClInclude Include="Entity\World.h" />
    <ClInclude Include="Entity\Components\Component.h" />
    <ClInclude Include="Entity\Components\Component_Animation.h" />
    <ClInclude Include="Entity\Components\Component_Rigidbody.h" />
    <ClInclude Include="Entity\Components\Component_Script.h" />
    <ClInclude Include="Entity\Components\Component_Sprite.h" />
    <ClInclude Include="Entity\Components\Component_TextElement.h" />
    <ClInclude Include="Entity\Components\Component_Transform.h" />
    <ClInclude Include="Entity\Entity.h" />
    <ClInclude Include="External\SDL.h" />
    <ClInclude Include="External\OPENGL.h" />
    <ClInclude Include="DataTypes\ScriptObject.h" />
    <ClInclude Include="DataTypes\Transform.h" />
    <ClInclude Include="DataTypes\Vector2.h" />
    <ClInclude Include="External\GLEW\include\GL\eglew.h" />
    <ClInclude Include="External\GLEW\include\GL\glew.h" />
    <ClInclude Include="External\GLEW\include\GL\glxew.h" />
    <ClInclude Include="External\GLEW\include\GL\wglew.h" />
    <ClInclude Include="External\rapidjson\error\en.h" />
    <ClInclude Include="External\rapidjson\error\error.h" />
    <ClInclude Include="External\rapidjson\internal\biginteger.h" />
    <ClInclude Include="External\rapidjson\internal\diyfp.h" />
    <ClInclude Include="External\rapidjson\internal\dtoa.h" />
    <ClInclude Include="External\rapidjson\internal\ieee754.h" />
    <ClInclude Include="External\rapidjson\internal\itoa.h" />
    <ClInclude Include="External\rapidjson\internal\meta.h" />
    <ClInclude Include="External\rapidjson\internal\pow10.h" />
    <ClInclude Include="External\rapidjson\internal\regex.h" />
    <ClInclude Include="External\rapidjson\internal\stack.h" />
    <ClInclude Include="External\rapidjson\internal\strfunc.h" />
    <ClInclude Include="External\rapidjson\internal\strtod.h" />
    <ClInclude Include="External\rapidjson\internal\swap.h" />
    <ClInclude Include="External\rapidjson\msinttypes\inttypes.h" />
    <ClInclude Include="External\rapidjson\msinttypes\stdint.h" />
    <ClInclude Include="External\rapidjson\allocators.h" />
    <ClInclude Include="External\rapidjson\document.h" />
    <ClInclude Include="External\rapidjson\encodedstream.h" />
    <ClInclude Include="External\rapidjson\encodings.h" />
    <ClInclude Include="External\rapidjson\filereadstream.h" />
    <ClInclude Include="External\rapidjson\filewritestream.h" />
    <ClInclude Include="External\rapidjson\fwd.h" />
    <ClInclude Include="External\rapidjson\istreamwrapper.h" />
    <ClInclude Include="External\rapidjson\memorybuffer.h" />
    <ClInclude Include="External\rapidjson\memorystream.h" />
    <ClInclude Include="External\rapidjson\ostreamwrapper.h" />
    <ClInclude Include="External\rapidjson\pointer.h" />
    <ClInclude Include="External\rapidjson\prettywriter.h" />
    <ClInclude Include="External\rapidjson\rapidjson.h" />
    <ClInclude Include="External\rapidjson\reader.h" />
    <ClInclude Include="External\rapidjson\schema.h" />
    <ClInclude Include="External\rapidjson\stream.h" />
    <ClInclude Include="External\rapidjson\stringbuffer.h" />
    <ClInclude Include="External\rapidjson\writer.h" />
    <ClInclude Include="External\imgui\imconfig.h" />
    <ClInclude Include="External\imgui\imgui.h" />
    <ClInclude Include="External\imgui\imgui_impl_opengl3.h" />
    <ClInclude Include="External\imgui\imgui_impl_opengl3_loader.h" />
    <ClInclude Include="External\imgui\imgui_impl_sdl.h" />
    <ClInclude Include="External\imgui\imgui_impl_sdlrenderer.h" />
    <ClInclude Include="External\imgui\imgui_internal.h" />
    <ClInclude Include="External\imgui\imgui_stdlib.h" />
    <ClInclude Include="External\imgui\imstb_rectpack.h" />
    <ClInclude Include="External\imgui\imstb_textedit.h" />
    <ClInclude Include="External\imgui\imstb_truetype.h" />
  </ItemGroup>
  <ItemGroup>
    <Filter Include="External">
      <UniqueIdentifier>{9a4eaad1-0ac0-4c0e-aa5c-37d81677ec3c}</UniqueIdentifier>
    </Filter>
    <Filter Include="Entity">
      <UniqueIdentifier>{547f97f7-108a-4c3b-8556-e48d83fe8c11}</UniqueIdentifier>
    </Filter>
    <Filter Include="Entity\Components">
      <UniqueIdentifier>{d0fd1c49-8da5-4dcb-9d0b-a076f10d1a2e}</UniqueIdentifier>
    </Filter>
    <Filter Include="Legacy">
      <UniqueIdentifier>{ad969063-aad6-4dba-a8f7-cf9113f61101}</UniqueIdentifier>
    </Filter>
    <Filter Include="System">
      <UniqueIdentifier>{6f04d8a9-0190-44c1-ad78-e8300ce46aff}</UniqueIdentifier>
    </Filter>
    <Filter Include="Rendering">
      <UniqueIdentifier>{2c0a45a5-ef43-40d9-9f7f-45dce5f696ec}</UniqueIdentifier>
    </Filter>
    <Filter Include="Data Types">
      <UniqueIdentifier>{30dd57c9-620d-4214-ae89-a15f65adefd0}</UniqueIdentifier>
    </Filter>
    <Filter Include="Physics and Collision">
      <UniqueIdentifier>{d36de7a5-f933-4efc-86ca-9252c8177a96}</UniqueIdentifier>
    </Filter>
  </ItemGroup>
  <ItemGroup>
    <None Include="Assets\HTECH_SCRIPT.zip" />
    <None Include="increment_build.py" />
  </ItemGroup>
</Project>